# This file is automatically @generated by Cargo.
# It is not intended for manual editing.
version = 4

[[package]]
name = "allocator-api2"
version = "0.2.21"
source = "registry+https://github.com/rust-lang/crates.io-index"
checksum = "683d7910e743518b0e34f1186f92494becacb047c7b6bf616c96772180fef923"

[[package]]
name = "anyhow"
version = "1.0.102"
source = "registry+https://github.com/rust-lang/crates.io-index"
checksum = "7f202df86484c868dbad7eaa557ef785d5c66295e41b460ef922eca0723b842c"

[[package]]
name = "autocfg"
version = "1.5.0"
source = "registry+https://github.com/rust-lang/crates.io-index"
checksum = "c08606f8c3cbf4ce6ec8e28fb0014a2c086708fe954eaa885384a6165172e7e8"

[[package]]
name = "base16ct"
version = "0.1.1"
source = "registry+https://github.com/rust-lang/crates.io-index"
checksum = "349a06037c7bf932dd7e7d1f653678b2038b9ad46a74102f1fc7bd7872678cce"

[[package]]
name = "bincode"
version = "1.3.3"
source = "registry+https://github.com/rust-lang/crates.io-index"
checksum = "b1f45e9417d87227c7a56d22e471c6206462cba514c7590c09aff4cf6d1ddcad"
dependencies = [
 "serde",
]

[[package]]
name = "bip32"
version = "0.3.0"
source = "registry+https://github.com/rust-lang/crates.io-index"
checksum = "873faa4363bfc54c36a48321da034c92a0645a363eed34d948683ffc1706e37f"
dependencies = [
 "bs58",
 "hmac",
 "k256",
 "once_cell",
 "pbkdf2",
 "rand_core",
 "ripemd160",
 "sha2",
 "subtle",
 "zeroize",
]

[[package]]
name = "bitflags"
version = "2.11.1"
source = "registry+https://github.com/rust-lang/crates.io-index"
checksum = "c4512299f36f043ab09a583e57bceb5a5aab7a73db1805848e8fef3c9e8c78b3"

[[package]]
name = "block-buffer"
version = "0.9.0"
source = "registry+https://github.com/rust-lang/crates.io-index"
checksum = "4152116fd6e9dadb291ae18fc1ec3575ed6d84c29642d97890f4b4a3417297e4"
dependencies = [
 "block-padding",
 "generic-array",
]

[[package]]
name = "block-buffer"
version = "0.10.4"
source = "registry+https://github.com/rust-lang/crates.io-index"
checksum = "3078c7629b62d3f0439517fa394996acacc5cbc91c5a20d8c658e77abd503a71"
dependencies = [
 "generic-array",
]

[[package]]
name = "block-padding"
version = "0.2.1"
source = "registry+https://github.com/rust-lang/crates.io-index"
checksum = "8d696c370c750c948ada61c69a0ee2cbbb9c50b1019ddb86d9317157a99c2cae"

[[package]]
name = "bs58"
version = "0.4.0"
source = "registry+https://github.com/rust-lang/crates.io-index"
checksum = "771fe0050b883fcc3ea2359b1a96bcfbc090b7116eae7c3c512c7a083fdf23d3"
dependencies = [
 "sha2",
]

[[package]]
name = "bumpalo"
version = "3.20.2"
source = "registry+https://github.com/rust-lang/crates.io-index"
checksum = "5d20789868f4b01b2f2caec9f5c4e0213b41e3e5702a50157d699ae31ced2fcb"

[[package]]
name = "bytes"
version = "1.11.1"
source = "registry+https://github.com/rust-lang/crates.io-index"
checksum = "1e748733b7cbc798e1434b6ac524f0c1ff2ab456fe201501e6497c8417a4fc33"

[[package]]
name = "cc"
version = "1.2.62"
source = "registry+https://github.com/rust-lang/crates.io-index"
checksum = "a1dce859f0832a7d088c4f1119888ab94ef4b5d6795d1ce05afb7fe159d79f98"
dependencies = [
 "find-msvc-tools",
 "shlex",
]

[[package]]
name = "cfg-if"
version = "1.0.4"
source = "registry+https://github.com/rust-lang/crates.io-index"
checksum = "9330f8b2ff13f34540b44e946ef35111825727b38d33286ef986142615121801"

[[package]]
name = "const-oid"
version = "0.7.1"
source = "registry+https://github.com/rust-lang/crates.io-index"
checksum = "e4c78c047431fee22c1a7bb92e00ad095a02a983affe4d8a72e2a2c62c1b94f3"

[[package]]
name = "cpufeatures"
version = "0.2.17"
source = "registry+https://github.com/rust-lang/crates.io-index"
checksum = "59ed5838eebb26a2bb2e58f6d5b5316989ae9d08bab10e0e6d103e656d1b0280"
dependencies = [
 "libc 0.2.186",
]

[[package]]
name = "crunchy"
version = "0.2.4"
source = "registry+https://github.com/rust-lang/crates.io-index"
checksum = "460fbee9c2c2f33933d720630a6a0bac33ba7053db5344fac858d4b8952d77d5"

[[package]]
name = "crypto-bigint"
version = "0.3.2"
source = "registry+https://github.com/rust-lang/crates.io-index"
checksum = "03c6a1d5fa1de37e071642dfa44ec552ca5b299adb128fab16138e24b548fd21"
dependencies = [
 "generic-array",
 "rand_core",
 "subtle",
 "zeroize",
]

[[package]]
name = "crypto-common"
version = "0.1.7"
source = "registry+https://github.com/rust-lang/crates.io-index"
checksum = "78c8292055d1c1df0cce5d180393dc8cce0abec0a7102adb6c7b1eef6016d60a"
dependencies = [
 "generic-array",
 "typenum",
]

[[package]]
name = "crypto-mac"
version = "0.11.1"
source = "registry+https://github.com/rust-lang/crates.io-index"
checksum = "b1d1a86f49236c215f271d40892d5fc950490551400b02ef360692c29815c714"
dependencies = [
 "generic-array",
 "subtle",
]

[[package]]
name = "der"
version = "0.5.1"
source = "registry+https://github.com/rust-lang/crates.io-index"
checksum = "6919815d73839e7ad218de758883aae3a257ba6759ce7a9992501efbb53d705c"
dependencies = [
 "const-oid",
]

[[package]]
name = "digest"
version = "0.9.0"
source = "registry+https://github.com/rust-lang/crates.io-index"
checksum = "d3dd60d1080a57a05ab032377049e0591415d2b31afd7028356dbf3cc6dcb066"
dependencies = [
 "generic-array",
]

[[package]]
name = "digest"
version = "0.10.7"
source = "registry+https://github.com/rust-lang/crates.io-index"
checksum = "9ed9a281f7bc9b7576e61468ba615a66a5c8cfdff42420a70aa82701a3b1e292"
dependencies = [
 "block-buffer 0.10.4",
 "crypto-common",
]

[[package]]
name = "document-features"
version = "0.2.12"
source = "registry+https://github.com/rust-lang/crates.io-index"
checksum = "d4b8a88685455ed29a21542a33abd9cb6510b6b129abadabdcef0f4c55bc8f61"
dependencies = [
 "litrs",
]

[[package]]
name = "ecdsa"
version = "0.13.4"
source = "registry+https://github.com/rust-lang/crates.io-index"
checksum = "d0d69ae62e0ce582d56380743515fefaf1a8c70cec685d9677636d7e30ae9dc9"
dependencies = [
 "der",
 "elliptic-curve",
 "rfc6979",
 "signature",
]

[[package]]
name = "elliptic-curve"
version = "0.11.12"
source = "registry+https://github.com/rust-lang/crates.io-index"
checksum = "25b477563c2bfed38a3b7a60964c49e058b2510ad3f12ba3483fd8f62c2306d6"
dependencies = [
 "base16ct",
 "crypto-bigint",
 "der",
 "ff",
 "generic-array",
 "group",
 "rand_core",
 "sec1",
 "subtle",
 "zeroize",
]

[[package]]
name = "equivalent"
version = "1.0.2"
source = "registry+https://github.com/rust-lang/crates.io-index"
checksum = "877a4ace8713b0bcf2a4e7eec82529c029f1d0619886d18145fea96c3ffe5c0f"

[[package]]
name = "ethereum-tx-sign"
version = "6.1.3"
source = "registry+https://github.com/rust-lang/crates.io-index"
checksum = "b13a263688dba5fd4822fc57e022c221ed25c12495939f1246b14de2f7db69d2"
dependencies = [
 "bytes",
 "hex",
 "num-traits",
 "rlp",
 "secp256k1",
 "serde",
 "serde_derive",
 "tiny-keccak",
]

[[package]]
name = "ff"
version = "0.11.1"
source = "registry+https://github.com/rust-lang/crates.io-index"
checksum = "131655483be284720a17d74ff97592b8e76576dc25563148601df2d7c9080924"
dependencies = [
 "rand_core",
 "subtle",
]

[[package]]
name = "find-msvc-tools"
version = "0.1.9"
source = "registry+https://github.com/rust-lang/crates.io-index"
checksum = "5baebc0774151f905a1a2cc41989300b1e6fbb29aff0ceffa1064fdd3088d582"

[[package]]
name = "foldhash"
version = "0.1.5"
source = "registry+https://github.com/rust-lang/crates.io-index"
checksum = "d9c4f5dac5e15c24eb999c26181a6ca40b39fe946cbe4c263c7209467bc83af2"

[[package]]
name = "futures-core"
version = "0.3.32"
source = "registry+https://github.com/rust-lang/crates.io-index"
checksum = "7e3450815272ef58cec6d564423f6e755e25379b217b0bc688e295ba24df6b1d"

[[package]]
name = "futures-task"
version = "0.3.32"
source = "registry+https://github.com/rust-lang/crates.io-index"
checksum = "037711b3d59c33004d3856fbdc83b99d4ff37a24768fa1be9ce3538a1cde4393"

[[package]]
name = "futures-util"
version = "0.3.32"
source = "registry+https://github.com/rust-lang/crates.io-index"
checksum = "389ca41296e6190b48053de0321d02a77f32f8a5d2461dd38762c0593805c6d6"
dependencies = [
 "futures-core",
 "futures-task",
 "pin-project-lite",
 "slab",
]

[[package]]
name = "generic-array"
version = "0.14.7"
source = "registry+https://github.com/rust-lang/crates.io-index"
checksum = "85649ca51fd72272d7821adaf274ad91c288277713d9c18820d8499a7ff69e9a"
dependencies = [
 "typenum",
 "version_check",
]

[[package]]
name = "group"
version = "0.11.0"
source = "registry+https://github.com/rust-lang/crates.io-index"
checksum = "bc5ac374b108929de78460075f3dc439fa66df9d8fc77e8f12caa5165fcf0c89"
dependencies = [
 "ff",
 "rand_core",
 "subtle",
]

[[package]]
name = "hashbrown"
version = "0.15.5"
source = "registry+https://github.com/rust-lang/crates.io-index"
checksum = "9229cfe53dfd69f0609a49f65461bd93001ea1ef889cd5529dd176593f5338a1"
dependencies = [
 "allocator-api2",
 "equivalent",
 "foldhash",
 "serde",
]

[[package]]
name = "heck"
version = "0.5.0"
source = "registry+https://github.com/rust-lang/crates.io-index"
checksum = "2304e00983f87ffb38b55b444b5e3b60a884b5d30c0fca7d82fe33449bbe55ea"

[[package]]
name = "hex"
version = "0.4.3"
source = "registry+https://github.com/rust-lang/crates.io-index"
checksum = "7f24254aa9a54b5c858eaee2f5bccdb46aaf0e486a595ed5fd8f86ba55232a70"
dependencies = [
 "serde",
]

[[package]]
name = "hmac"
version = "0.11.0"
source = "registry+https://github.com/rust-lang/crates.io-index"
checksum = "2a2a2320eb7ec0ebe8da8f744d7812d9fc4cb4d09344ac01898dbcb6a20ae69b"
dependencies = [
 "crypto-mac",
 "digest 0.9.0",
]

[[package]]
name = "js-sys"
version = "0.3.98"
source = "registry+https://github.com/rust-lang/crates.io-index"
checksum = "67df7112613f8bfd9150013a0314e196f4800d3201ae742489d999db2f979f08"
dependencies = [
 "cfg-if",
 "futures-util",
 "once_cell",
 "wasm-bindgen",
]

[[package]]
name = "k256"
version = "0.10.4"
source = "registry+https://github.com/rust-lang/crates.io-index"
checksum = "19c3a5e0a0b8450278feda242592512e09f61c72e018b8cd5c859482802daf2d"
dependencies = [
 "cfg-if",
 "ecdsa",
 "elliptic-curve",
 "sec1",
 "sha2",
 "sha3 0.9.1",
]

[[package]]
name = "keccak"
version = "0.1.6"
source = "registry+https://github.com/rust-lang/crates.io-index"
checksum = "cb26cec98cce3a3d96cbb7bced3c4b16e3d13f27ec56dbd62cbc8f39cfb9d653"
dependencies = [
 "cpufeatures",
]

[[package]]
name = "libc"
version = "0.2.182"

[[package]]
name = "libc"
version = "0.2.186"
source = "registry+https://github.com/rust-lang/crates.io-index"
checksum = "68ab91017fe16c622486840e4c83c9a37afeff978bd239b5293d61ece587de66"

[[package]]
name = "libc_alloc"
version = "1.0.7"
source = "registry+https://github.com/rust-lang/crates.io-index"
checksum = "7581282928bc99698341d1de7590964c28db747c164eaac9409432a3eaed098a"

[[package]]
name = "litrs"
version = "1.0.0"
source = "registry+https://github.com/rust-lang/crates.io-index"
checksum = "11d3d7f243d5c5a8b9bb5d6dd2b1602c0cb0b9db1621bafc7ed66e35ff9fe092"

[[package]]
name = "num-traits"
version = "0.2.19"
source = "registry+https://github.com/rust-lang/crates.io-index"
checksum = "071dfc062690e90b734c0b2273ce72ad0ffa95f0c74596bc250dcfd960262841"
dependencies = [
 "autocfg",
]

[[package]]
name = "num_enum"
version = "0.7.6"
source = "registry+https://github.com/rust-lang/crates.io-index"
checksum = "5d0bca838442ec211fa11de3a8b0e0e8f3a4522575b5c4c06ed722e005036f26"
dependencies = [
 "num_enum_derive",
 "rustversion",
]

[[package]]
name = "num_enum_derive"
version = "0.7.6"
source = "registry+https://github.com/rust-lang/crates.io-index"
checksum = "680998035259dcfcafe653688bf2aa6d3e2dc05e98be6ab46afb089dc84f1df8"
dependencies = [
 "proc-macro2",
 "quote",
 "syn",
]

[[package]]
name = "once_cell"
version = "1.21.4"
source = "registry+https://github.com/rust-lang/crates.io-index"
checksum = "9f7c3e4beb33f85d45ae3e3a1792185706c8e16d043238c593331cc7cd313b50"

[[package]]
name = "opaque-debug"
version = "0.3.1"
source = "registry+https://github.com/rust-lang/crates.io-index"
checksum = "c08d65885ee38876c4f86fa503fb49d7b507c2b62552df7c70b2fce627e06381"

[[package]]
name = "optee-utee"
version = "0.9.0"
dependencies = [
 "bitflags",
 "document-features",
 "hex",
 "libc_alloc",
 "num_enum",
 "optee-utee-macros",
 "optee-utee-sys",
 "strum",
 "uuid",
]

[[package]]
name = "optee-utee-build"
version = "0.9.0"
dependencies = [
 "prettyplease",
 "proc-macro2",
 "quote",
 "syn",
 "uuid",
]

[[package]]
name = "optee-utee-macros"
version = "0.9.0"
dependencies = [
 "quote",
 "syn",
]

[[package]]
name = "optee-utee-sys"
version = "0.9.0"
dependencies = [
 "document-features",
]

[[package]]
name = "pbkdf2"
version = "0.9.0"
source = "registry+https://github.com/rust-lang/crates.io-index"
checksum = "f05894bce6a1ba4be299d0c5f29563e08af2bc18bb7d48313113bed71e904739"
dependencies = [
 "crypto-mac",
]

[[package]]
name = "pin-project-lite"
version = "0.2.17"
source = "registry+https://github.com/rust-lang/crates.io-index"
checksum = "a89322df9ebe1c1578d689c92318e070967d1042b512afbe49518723f4e6d5cd"

[[package]]
name = "prettyplease"
version = "0.2.37"
source = "registry+https://github.com/rust-lang/crates.io-index"
checksum = "479ca8adacdd7ce8f1fb39ce9ecccbfe93a3f1344b3d0d97f20bc0196208f62b"
dependencies = [
 "proc-macro2",
 "syn",
]

[[package]]
name = "proc-macro2"
version = "1.0.106"
source = "registry+https://github.com/rust-lang/crates.io-index"
checksum = "8fd00f0bb2e90d81d1044c2b32617f68fcb9fa3bb7640c23e9c748e53fb30934"
dependencies = [
 "unicode-ident",
]

[[package]]
name = "proto"
version = "0.4.0"
dependencies = [
 "num_enum",
 "serde",
 "uuid",
]

[[package]]
name = "quote"
version = "1.0.45"
source = "registry+https://github.com/rust-lang/crates.io-index"
checksum = "41f2619966050689382d2b44f664f4bc593e129785a36d6ee376ddf37259b924"
dependencies = [
 "proc-macro2",
]

[[package]]
name = "rand_core"
version = "0.6.4"
source = "registry+https://github.com/rust-lang/crates.io-index"
checksum = "ec0be4795e2f6a28069bec0b5ff3e2ac9bafc99e6a9a7dc3547996c5c816922c"

[[package]]
name = "rfc6979"
version = "0.1.0"
source = "registry+https://github.com/rust-lang/crates.io-index"
checksum = "96ef608575f6392792f9ecf7890c00086591d29a83910939d430753f7c050525"
dependencies = [
 "crypto-bigint",
 "hmac",
 "zeroize",
]

[[package]]
name = "ripemd160"
version = "0.9.1"
source = "registry+https://github.com/rust-lang/crates.io-index"
checksum = "2eca4ecc81b7f313189bf73ce724400a07da2a6dac19588b03c8bd76a2dcc251"
dependencies = [
 "block-buffer 0.9.0",
 "digest 0.9.0",
 "opaque-debug",
]

[[package]]
name = "rlp"
version = "0.5.2"
source = "registry+https://github.com/rust-lang/crates.io-index"
checksum = "bb919243f34364b6bd2fc10ef797edbfa75f33c252e7998527479c6d6b47e1ec"
dependencies = [
 "bytes",
 "rustc-hex",
]

[[package]]
name = "rustc-hex"
version = "2.1.0"
source = "registry+https://github.com/rust-lang/crates.io-index"
checksum = "3e75f6a532d0fd9f7f13144f392b6ad56a32696bfcd9c78f797f16bbb6f072d6"

[[package]]
name = "rustversion"
version = "1.0.22"
source = "registry+https://github.com/rust-lang/crates.io-index"
checksum = "b39cdef0fa800fc44525c84ccb54a029961a8215f9619753635a9c0d2538d46d"

[[package]]
name = "sec1"
version = "0.2.1"
source = "registry+https://github.com/rust-lang/crates.io-index"
checksum = "08da66b8b0965a5555b6bd6639e68ccba85e1e2506f5fbb089e93f8a04e1a2d1"
dependencies = [
 "der",
 "generic-array",
 "subtle",
 "zeroize",
]

[[package]]
name = "secp256k1"
version = "0.27.0"
source = "registry+https://github.com/rust-lang/crates.io-index"
checksum = "25996b82292a7a57ed3508f052cfff8640d38d32018784acd714758b43da9c8f"
dependencies = [
 "secp256k1-sys",
]

[[package]]
name = "secp256k1-sys"
version = "0.8.2"
source = "registry+https://github.com/rust-lang/crates.io-index"
checksum = "4473013577ec77b4ee3668179ef1186df3146e2cf2d927bd200974c6fe60fd99"
dependencies = [
 "cc",
]

[[package]]
name = "secure_db"
version = "0.9.0"
dependencies = [
 "anyhow",
 "bincode",
 "hashbrown",
 "optee-utee",
 "optee-utee-sys",
 "serde",
]

[[package]]
name = "serde"
version = "1.0.228"
source = "registry+https://github.com/rust-lang/crates.io-index"
checksum = "9a8e94ea7f378bd32cbbd37198a4a91436180c5bb472411e48b5ec2e2124ae9e"
dependencies = [
 "serde_core",
 "serde_derive",
]

[[package]]
name = "serde_core"
version = "1.0.228"
source = "registry+https://github.com/rust-lang/crates.io-index"
checksum = "41d385c7d4ca58e59fc732af25c3983b67ac852c1a25000afe1175de458b67ad"
dependencies = [
 "serde_derive",
]

[[package]]
name = "serde_derive"
version = "1.0.228"
source = "registry+https://github.com/rust-lang/crates.io-index"
checksum = "d540f220d3187173da220f885ab66608367b6574e925011a9353e4badda91d79"
dependencies = [
 "proc-macro2",
 "quote",
 "syn",
]

[[package]]
name = "sha2"
version = "0.9.9"
source = "registry+https://github.com/rust-lang/crates.io-index"
checksum = "4d58a1e1bf39749807d89cf2d98ac2dfa0ff1cb3faa38fbb64dd88ac8013d800"
dependencies = [
 "block-buffer 0.9.0",
 "cfg-if",
 "cpufeatures",
 "digest 0.9.0",
 "opaque-debug",
]

[[package]]
name = "sha3"
version = "0.9.1"
source = "registry+https://github.com/rust-lang/crates.io-index"
checksum = "f81199417d4e5de3f04b1e871023acea7389672c4135918f05aa9cbf2f2fa809"
dependencies = [
 "block-buffer 0.9.0",
 "digest 0.9.0",
 "keccak",
 "opaque-debug",
]

[[package]]
name = "sha3"
version = "0.10.9"
source = "registry+https://github.com/rust-lang/crates.io-index"
checksum = "77fd7028345d415a4034cf8777cd4f8ab1851274233b45f84e3d955502d93874"
dependencies = [
 "digest 0.10.7",
 "keccak",
]

[[package]]
name = "shlex"
version = "1.3.0"
source = "registry+https://github.com/rust-lang/crates.io-index"
checksum = "0fda2ff0d084019ba4d7c6f371c95d8fd75ce3524c3cb8fb653a3023f6323e64"

[[package]]
name = "signature"
version = "1.4.0"
source = "registry+https://github.com/rust-lang/crates.io-index"
checksum = "02658e48d89f2bec991f9a78e69cfa4c316f8d6a6c4ec12fae1aeb263d486788"
dependencies = [
 "digest 0.9.0",
 "rand_core",
]

[[package]]
name = "slab"
version = "0.4.12"
source = "registry+https://github.com/rust-lang/crates.io-index"
checksum = "0c790de23124f9ab44544d7ac05d60440adc586479ce501c1d6d7da3cd8c9cf5"

[[package]]
name = "strum"
version = "0.28.0"
source = "registry+https://github.com/rust-lang/crates.io-index"
checksum = "9628de9b8791db39ceda2b119bbe13134770b56c138ec1d3af810d045c04f9bd"
dependencies = [
 "strum_macros",
]

[[package]]
name = "strum_macros"
version = "0.28.0"
source = "registry+https://github.com/rust-lang/crates.io-index"
checksum = "ab85eea0270ee17587ed4156089e10b9e6880ee688791d45a905f5b1ca36f664"
dependencies = [
 "heck",
 "proc-macro2",
 "quote",
 "syn",
]

[[package]]
name = "subtle"
version = "2.4.1"
source = "registry+https://github.com/rust-lang/crates.io-index"
checksum = "6bdef32e8150c2a081110b42772ffe7d7c9032b606bc226c8260fd97e0976601"

[[package]]
name = "syn"
version = "2.0.117"
source = "registry+https://github.com/rust-lang/crates.io-index"
checksum = "e665b8803e7b1d2a727f4023456bbbbe74da67099c585258af0ad9c5013b9b99"
dependencies = [
 "proc-macro2",
 "quote",
 "unicode-ident",
]

[[package]]
name = "ta"
version = "0.4.0"
dependencies = [
 "anyhow",
 "bincode",
 "bip32",
 "ethereum-tx-sign",
 "hex",
 "libc 0.2.182",
 "optee-utee",
 "optee-utee-build",
 "optee-utee-sys",
 "proto",
 "secp256k1",
 "secure_db",
 "serde",
 "sha3 0.10.9",
 "uuid",
]

[[package]]
name = "tiny-keccak"
version = "2.0.2"
source = "registry+https://github.com/rust-lang/crates.io-index"
checksum = "2c9d3793400a45f954c52e73d068316d76b6f4e36977e3fcebb13a2721e80237"
dependencies = [
 "crunchy",
]

[[package]]
name = "typenum"
version = "1.20.0"
source = "registry+https://github.com/rust-lang/crates.io-index"
checksum = "40ce102ab67701b8526c123c1bab5cbe42d7040ccfd0f64af1a385808d2f43de"

[[package]]
name = "unicode-ident"
version = "1.0.24"
source = "registry+https://github.com/rust-lang/crates.io-index"
checksum = "e6e4313cd5fcd3dad5cafa179702e2b244f760991f45397d14d4ebf38247da75"

[[package]]
name = "uuid"
version = "1.23.1"
source = "registry+https://github.com/rust-lang/crates.io-index"
checksum = "ddd74a9687298c6858e9b88ec8935ec45d22e8fd5e6394fa1bd4e99a87789c76"
dependencies = [
 "js-sys",
 "serde_core",
 "wasm-bindgen",
]

[[package]]
name = "version_check"
version = "0.9.5"
source = "registry+https://github.com/rust-lang/crates.io-index"
checksum = "0b928f33d975fc6ad9f86c8f283853ad26bdd5b10b7f1542aa2fa15e2289105a"

[[package]]
name = "wasm-bindgen"
version = "0.2.121"
source = "registry+https://github.com/rust-lang/crates.io-index"
checksum = "49ace1d07c165b0864824eee619580c4689389afa9dc9ed3a4c75040d82e6790"
dependencies = [
 "cfg-if",
 "once_cell",
 "rustversion",
 "wasm-bindgen-macro",
 "wasm-bindgen-shared",
]

[[package]]
name = "wasm-bindgen-macro"
version = "0.2.121"
source = "registry+https://github.com/rust-lang/crates.io-index"
checksum = "8e68e6f4afd367a562002c05637acb8578ff2dea1943df76afb9e83d177c8578"
dependencies = [
 "quote",
 "wasm-bindgen-macro-support",
]

[[package]]
name = "wasm-bindgen-macro-support"
version = "0.2.121"
source = "registry+https://github.com/rust-lang/crates.io-index"
checksum = "d95a9ec35c64b2a7cb35d3fead40c4238d0940c86d107136999567a4703259f2"
dependencies = [
 "bumpalo",
 "proc-macro2",
 "quote",
 "syn",
 "wasm-bindgen-shared",
]

[[package]]
name = "wasm-bindgen-shared"
version = "0.2.121"
source = "registry+https://github.com/rust-lang/crates.io-index"
checksum = "c4e0100b01e9f0d03189a92b96772a1fb998639d981193d7dbab487302513441"
dependencies = [
 "unicode-ident",
]

[[package]]
name = "zeroize"
version = "1.8.2"
source = "registry+https://github.com/rust-lang/crates.io-index"
checksum = "b97154e67e32c85465826e8bcc1c59429aaaf107c1e4a9e53c8d8ccd5eff88d0"
